Microsoft Visual Studio Solution File, Format Version 12.00
# Visual Studio Version 17
VisualStudioVersion = 17.13.35716.79
MinimumVisualStudioVersion = 10.0.40219.1
Project("{FAE04EC0-301F-11D3-BF4B-00C04F79EFBC}") = "JobCandidateHubAPI", "JobCandidateHubAPI\JobCandidateHubAPI.csproj", "{9F33D36C-7E33-4041-80C9-7708CDA49062}"
EndProject
Global
	GlobalSection(SolutionConfigurationPlatforms) = preSolution
		Debug|Any CPU = Debug|Any CPU
		Release|Any CPU = Release|Any CPU
	EndGlobalSection
	GlobalSection(ProjectConfigurationPlatforms) = postSolution
		{9F33D36C-7E33-4041-80C9-7708CDA49062}.Debug|Any CPU.ActiveCfg = Debug|Any CPU
		{9F33D36C-7E33-4041-80C9-7708CDA49062}.Debug|Any CPU.Build.0 = Debug|Any CPU
		{9F33D36C-7E33-4041-80C9-7708CDA49062}.Release|Any CPU.ActiveCfg = Release|Any CPU
		{9F33D36C-7E33-4041-80C9-7708CDA49062}.Release|Any CPU.Build.0 = Release|Any CPU
	EndGlobalSection
	GlobalSection(SolutionProperties) = preSolution
		HideSolutionNode = FALSE
	EndGlobalSection
	GlobalSection(ExtensibilityGlobals) = postSolution
		SolutionGuid = {0CF094AE-9E5F-408B-8F6A-90FDD546EDBF}
	EndGlobalSection
EndGlobal
